
Microsoft Visual Studio Solution File, Format Version 12.00
# Visual Studio Version 17
VisualStudioVersion = 17.13.35617.110 d17.13
MinimumVisualStudioVersion = 10.0.40219.1
Project("{FAE04EC0-301F-11D3-BF4B-00C04F79EFBC}") = "ConstructionManagerAPI", "ConstructionManagerAPI\ConstructionManagerAPI.csproj", "{E3E59973-0846-41B1-B796-170C63968BAD}"
EndProject
Global
	GlobalSection(SolutionConfigurationPlatforms) = preSolution
		Debug|Any CPU = Debug|Any CPU
		Release|Any CPU = Release|Any CPU
	EndGlobalSection
	GlobalSection(ProjectConfigurationPlatforms) = postSolution
		{E3E59973-0846-41B1-B796-170C63968BAD}.Debug|Any CPU.ActiveCfg = Debug|Any CPU
		{E3E59973-0846-41B1-B796-170C63968BAD}.Debug|Any CPU.Build.0 = Debug|Any CPU
		{E3E59973-0846-41B1-B796-170C63968BAD}.Release|Any CPU.ActiveCfg = Release|Any CPU
		{E3E59973-0846-41B1-B796-170C63968BAD}.Release|Any CPU.Build.0 = Release|Any CPU
	EndGlobalSection
	GlobalSection(SolutionProperties) = preSolution
		HideSolutionNode = FALSE
	EndGlobalSection
	GlobalSection(ExtensibilityGlobals) = postSolution
		SolutionGuid = {39C0D004-E305-4972-9E79-C8478A872BB0}
	EndGlobalSection
EndGlobal
